
Microsoft Visual Studio Solution File, Format Version 12.00
# Visual Studio Version 16
VisualStudioVersion = 16.0.32802.440
MinimumVisualStudioVersion = 10.0.40219.1
Project("{FAE04EC0-301F-11D3-BF4B-00C04F79EFBC}") = "CMS", "CMS\CMS.csproj", "{DE7DD8C4-FB01-40E1-9F4C-2EEF174A1EDA}"
EndProject
Global
	GlobalSection(SolutionConfigurationPlatforms) = preSolution
		Debug|Any CPU = Debug|Any CPU
		Release|Any CPU = Release|Any CPU
	EndGlobalSection
	GlobalSection(ProjectConfigurationPlatforms) = postSolution
		{DE7DD8C4-FB01-40E1-9F4C-2EEF174A1EDA}.Debug|Any CPU.ActiveCfg = Debug|Any CPU
		{DE7DD8C4-FB01-40E1-9F4C-2EEF174A1EDA}.Debug|Any CPU.Build.0 = Debug|Any CPU
		{DE7DD8C4-FB01-40E1-9F4C-2EEF174A1EDA}.Release|Any CPU.ActiveCfg = Release|Any CPU
		{DE7DD8C4-FB01-40E1-9F4C-2EEF174A1EDA}.Release|Any CPU.Build.0 = Release|Any CPU
	EndGlobalSection
	GlobalSection(SolutionProperties) = preSolution
		HideSolutionNode = FALSE
	EndGlobalSection
	GlobalSection(ExtensibilityGlobals) = postSolution
		SolutionGuid = {8EE91A66-AC85-4099-9542-7069F6BDCC48}
	EndGlobalSection
EndGlobal
